
Microsoft Visual Studio Solution File, Format Version 12.00
# Visual Studio Version 17
VisualStudioVersion = 17.5.002.0
MinimumVisualStudioVersion = 10.0.40219.1
Project("{9A19103F-16F7-4668-BE54-9A1E7A4F7556}") = "DezSegundos1", "DezSegundos1.csproj", "{258DB37F-7FBC-4FDE-B072-DEAA6AF9DE76}"
EndProject
Global
	GlobalSection(SolutionConfigurationPlatforms) = preSolution
		Debug|Any CPU = Debug|Any CPU
		Release|Any CPU = Release|Any CPU
	EndGlobalSection
	GlobalSection(ProjectConfigurationPlatforms) = postSolution
		{258DB37F-7FBC-4FDE-B072-DEAA6AF9DE76}.Debug|Any CPU.ActiveCfg = Debug|Any CPU
		{258DB37F-7FBC-4FDE-B072-DEAA6AF9DE76}.Debug|Any CPU.Build.0 = Debug|Any CPU
		{258DB37F-7FBC-4FDE-B072-DEAA6AF9DE76}.Release|Any CPU.ActiveCfg = Release|Any CPU
		{258DB37F-7FBC-4FDE-B072-DEAA6AF9DE76}.Release|Any CPU.Build.0 = Release|Any CPU
	EndGlobalSection
	GlobalSection(SolutionProperties) = preSolution
		HideSolutionNode = FALSE
	EndGlobalSection
	GlobalSection(ExtensibilityGlobals) = postSolution
		SolutionGuid = {A3E63115-820F-47B6-A538-96F5289B8517}
	EndGlobalSection
EndGlobal
